
Microsoft Visual Studio Solution File, Format Version 12.00
# Visual Studio 15
VisualStudioVersion = 15.0.28307.539
MinimumVisualStudioVersion = 10.0.40219.1
Project("{FAE04EC0-301F-11D3-BF4B-00C04F79EFBC}") = "ConsoleApp3", "ConsoleApp3\ConsoleApp3.csproj", "{DDCBE012-8438-4353-9A02-45E7F924E030}"
EndProject
Global
	GlobalSection(SolutionConfigurationPlatforms) = preSolution
		Debug|Any CPU = Debug|Any CPU
		Release|Any CPU = Release|Any CPU
	EndGlobalSection
	GlobalSection(ProjectConfigurationPlatforms) = postSolution
		{DDCBE012-8438-4353-9A02-45E7F924E030}.Debug|Any CPU.ActiveCfg = Debug|Any CPU
		{DDCBE012-8438-4353-9A02-45E7F924E030}.Debug|Any CPU.Build.0 = Debug|Any CPU
		{DDCBE012-8438-4353-9A02-45E7F924E030}.Release|Any CPU.ActiveCfg = Release|Any CPU
		{DDCBE012-8438-4353-9A02-45E7F924E030}.Release|Any CPU.Build.0 = Release|Any CPU
	EndGlobalSection
	GlobalSection(SolutionProperties) = preSolution
		HideSolutionNode = FALSE
	EndGlobalSection
	GlobalSection(ExtensibilityGlobals) = postSolution
		SolutionGuid = {5BD2884E-B51D-407D-AC8E-35291C8C1AB7}
	EndGlobalSection
EndGlobal
